
Microsoft Visual Studio Solution File, Format Version 12.00
# Visual Studio Version 17
VisualStudioVersion = 17.0.31903.59
MinimumVisualStudioVersion = 10.0.40219.1
Project("{FAE04EC0-301F-11D3-BF4B-00C04F79EFBC}") = "Denomica.JsonLD.Extensions", "Denomica.JsonLD.Extensions\Denomica.JsonLD.Extensions.csproj", "{9FE3D7A8-2907-4A57-99C4-EAF1FD707662}"
EndProject
Project("{FAE04EC0-301F-11D3-BF4B-00C04F79EFBC}") = "Denomica.JsonLD.Extensions.Tests", "Denomica.JsonLD.Extensions.Tests\Denomica.JsonLD.Extensions.Tests.csproj", "{37E37E3B-A5AC-48E6-B65E-544C76B1387A}"
EndProject
Global
	GlobalSection(SolutionConfigurationPlatforms) = preSolution
		Debug|Any CPU = Debug|Any CPU
		Release|Any CPU = Release|Any CPU
	EndGlobalSection
	GlobalSection(ProjectConfigurationPlatforms) = postSolution
		{9FE3D7A8-2907-4A57-99C4-EAF1FD707662}.Debug|Any CPU.ActiveCfg = Debug|Any CPU
		{9FE3D7A8-2907-4A57-99C4-EAF1FD707662}.Debug|Any CPU.Build.0 = Debug|Any CPU
		{9FE3D7A8-2907-4A57-99C4-EAF1FD707662}.Release|Any CPU.ActiveCfg = Release|Any CPU
		{9FE3D7A8-2907-4A57-99C4-EAF1FD707662}.Release|Any CPU.Build.0 = Release|Any CPU
		{37E37E3B-A5AC-48E6-B65E-544C76B1387A}.Debug|Any CPU.ActiveCfg = Debug|Any CPU
		{37E37E3B-A5AC-48E6-B65E-544C76B1387A}.Debug|Any CPU.Build.0 = Debug|Any CPU
		{37E37E3B-A5AC-48E6-B65E-544C76B1387A}.Release|Any CPU.ActiveCfg = Release|Any CPU
		{37E37E3B-A5AC-48E6-B65E-544C76B1387A}.Release|Any CPU.Build.0 = Release|Any CPU
	EndGlobalSection
	GlobalSection(SolutionProperties) = preSolution
		HideSolutionNode = FALSE
	EndGlobalSection
	GlobalSection(ExtensibilityGlobals) = postSolution
		SolutionGuid = {4DFD5877-9931-4582-A1F4-A5AE8E29FA04}
	EndGlobalSection
EndGlobal
